
Microsoft Visual Studio Solution File, Format Version 12.00
# Visual Studio 15
VisualStudioVersion = 15.0.26124.0
MinimumVisualStudioVersion = 15.0.26124.0
Project("{FAE04EC0-301F-11D3-BF4B-00C04F79EFBC}") = "Domain", "domain\Domain.csproj", "{6824E497-F464-4974-8328-F4425919AE52}"
EndProject
Project("{FAE04EC0-301F-11D3-BF4B-00C04F79EFBC}") = "Application", "Application\Application.csproj", "{42508C8E-E880-4165-85D4-8363D1B55CEA}"
EndProject
Project("{FAE04EC0-301F-11D3-BF4B-00C04F79EFBC}") = "Persistence", "Persistence\Persistence.csproj", "{70547E5F-E9FF-42F7-9362-035FD04DF4E8}"
EndProject
Project("{FAE04EC0-301F-11D3-BF4B-00C04F79EFBC}") = "API", "API\API.csproj", "{2AC4E7A9-174C-497C-B76D-8CBE6C7CCF6E}"
EndProject
Global
	GlobalSection(SolutionConfigurationPlatforms) = preSolution
		Debug|Any CPU = Debug|Any CPU
		Debug|x64 = Debug|x64
		Debug|x86 = Debug|x86
		Release|Any CPU = Release|Any CPU
		Release|x64 = Release|x64
		Release|x86 = Release|x86
	EndGlobalSection
	GlobalSection(SolutionProperties) = preSolution
		HideSolutionNode = FALSE
	EndGlobalSection
	GlobalSection(ProjectConfigurationPlatforms) = postSolution
		{6824E497-F464-4974-8328-F4425919AE52}.Debug|Any CPU.ActiveCfg = Debug|Any CPU
		{6824E497-F464-4974-8328-F4425919AE52}.Debug|Any CPU.Build.0 = Debug|Any CPU
		{6824E497-F464-4974-8328-F4425919AE52}.Debug|x64.ActiveCfg = Debug|Any CPU
		{6824E497-F464-4974-8328-F4425919AE52}.Debug|x64.Build.0 = Debug|Any CPU
		{6824E497-F464-4974-8328-F4425919AE52}.Debug|x86.ActiveCfg = Debug|Any CPU
		{6824E497-F464-4974-8328-F4425919AE52}.Debug|x86.Build.0 = Debug|Any CPU
		{6824E497-F464-4974-8328-F4425919AE52}.Release|Any CPU.ActiveCfg = Release|Any CPU
		{6824E497-F464-4974-8328-F4425919AE52}.Release|Any CPU.Build.0 = Release|Any CPU
		{6824E497-F464-4974-8328-F4425919AE52}.Release|x64.ActiveCfg = Release|Any CPU
		{6824E497-F464-4974-8328-F4425919AE52}.Release|x64.Build.0 = Release|Any CPU
		{6824E497-F464-4974-8328-F4425919AE52}.Release|x86.ActiveCfg = Release|Any CPU
		{6824E497-F464-4974-8328-F4425919AE52}.Release|x86.Build.0 = Release|Any CPU
		{42508C8E-E880-4165-85D4-8363D1B55CEA}.Debug|Any CPU.ActiveCfg = Debug|Any CPU
		{42508C8E-E880-4165-85D4-8363D1B55CEA}.Debug|Any CPU.Build.0 = Debug|Any CPU
		{42508C8E-E880-4165-85D4-8363D1B55CEA}.Debug|x64.ActiveCfg = Debug|Any CPU
		{42508C8E-E880-4165-85D4-8363D1B55CEA}.Debug|x64.Build.0 = Debug|Any CPU
		{42508C8E-E880-4165-85D4-8363D1B55CEA}.Debug|x86.ActiveCfg = Debug|Any CPU
		{42508C8E-E880-4165-85D4-8363D1B55CEA}.Debug|x86.Build.0 = Debug|Any CPU
		{42508C8E-E880-4165-85D4-8363D1B55CEA}.Release|Any CPU.ActiveCfg = Release|Any CPU
		{42508C8E-E880-4165-85D4-8363D1B55CEA}.Release|Any CPU.Build.0 = Release|Any CPU
		{42508C8E-E880-4165-85D4-8363D1B55CEA}.Release|x64.ActiveCfg = Release|Any CPU
		{42508C8E-E880-4165-85D4-8363D1B55CEA}.Release|x64.Build.0 = Release|Any CPU
		{42508C8E-E880-4165-85D4-8363D1B55CEA}.Release|x86.ActiveCfg = Release|Any CPU
		{42508C8E-E880-4165-85D4-8363D1B55CEA}.Release|x86.Build.0 = Release|Any CPU
		{70547E5F-E9FF-42F7-9362-035FD04DF4E8}.Debug|Any CPU.ActiveCfg = Debug|Any CPU
		{70547E5F-E9FF-42F7-9362-035FD04DF4E8}.Debug|Any CPU.Build.0 = Debug|Any CPU
		{70547E5F-E9FF-42F7-9362-035FD04DF4E8}.Debug|x64.ActiveCfg = Debug|Any CPU
		{70547E5F-E9FF-42F7-9362-035FD04DF4E8}.Debug|x64.Build.0 = Debug|Any CPU
		{70547E5F-E9FF-42F7-9362-035FD04DF4E8}.Debug|x86.ActiveCfg = Debug|Any CPU
		{70547E5F-E9FF-42F7-9362-035FD04DF4E8}.Debug|x86.Build.0 = Debug|Any CPU
		{70547E5F-E9FF-42F7-9362-035FD04DF4E8}.Release|Any CPU.ActiveCfg = Release|Any CPU
		{70547E5F-E9FF-42F7-9362-035FD04DF4E8}.Release|Any CPU.Build.0 = Release|Any CPU
		{70547E5F-E9FF-42F7-9362-035FD04DF4E8}.Release|x64.ActiveCfg = Release|Any CPU
		{70547E5F-E9FF-42F7-9362-035FD04DF4E8}.Release|x64.Build.0 = Release|Any CPU
		{70547E5F-E9FF-42F7-9362-035FD04DF4E8}.Release|x86.ActiveCfg = Release|Any CPU
		{70547E5F-E9FF-42F7-9362-035FD04DF4E8}.Release|x86.Build.0 = Release|Any CPU
		{2AC4E7A9-174C-497C-B76D-8CBE6C7CCF6E}.Debug|Any CPU.ActiveCfg = Debug|Any CPU
		{2AC4E7A9-174C-497C-B76D-8CBE6C7CCF6E}.Debug|Any CPU.Build.0 = Debug|Any CPU
		{2AC4E7A9-174C-497C-B76D-8CBE6C7CCF6E}.Debug|x64.ActiveCfg = Debug|Any CPU
		{2AC4E7A9-174C-497C-B76D-8CBE6C7CCF6E}.Debug|x64.Build.0 = Debug|Any CPU
		{2AC4E7A9-174C-497C-B76D-8CBE6C7CCF6E}.Debug|x86.ActiveCfg = Debug|Any CPU
		{2AC4E7A9-174C-497C-B76D-8CBE6C7CCF6E}.Debug|x86.Build.0 = Debug|Any CPU
		{2AC4E7A9-174C-497C-B76D-8CBE6C7CCF6E}.Release|Any CPU.ActiveCfg = Release|Any CPU
		{2AC4E7A9-174C-497C-B76D-8CBE6C7CCF6E}.Release|Any CPU.Build.0 = Release|Any CPU
		{2AC4E7A9-174C-497C-B76D-8CBE6C7CCF6E}.Release|x64.ActiveCfg = Release|Any CPU
		{2AC4E7A9-174C-497C-B76D-8CBE6C7CCF6E}.Release|x64.Build.0 = Release|Any CPU
		{2AC4E7A9-174C-497C-B76D-8CBE6C7CCF6E}.Release|x86.ActiveCfg = Release|Any CPU
		{2AC4E7A9-174C-497C-B76D-8CBE6C7CCF6E}.Release|x86.Build.0 = Release|Any CPU
	EndGlobalSection
EndGlobal
